
Microsoft Visual Studio Solution File, Format Version 11.00
# Visual Studio 2010
Project("{FAE04EC0-301F-11D3-BF4B-00C04F79EFBC}") = "Assembly-CSharp", "Assembly-CSharp.csproj", "{56533975-a046-ff08-dfa6-5948ac2d7ec3}"
EndProject
Project("{FAE04EC0-301F-11D3-BF4B-00C04F79EFBC}") = "Assembly-CSharp-firstpass", "Assembly-CSharp-firstpass.csproj", "{30aabc40-d4b8-fde3-7d9a-e545c88ea287}"
EndProject
Global
	GlobalSection(SolutionConfigurationPlatforms) = preSolution
		Debug|Any CPU = Debug|Any CPU
	EndGlobalSection
	GlobalSection(ProjectConfigurationPlatforms) = postSolution
		{56533975-a046-ff08-dfa6-5948ac2d7ec3}.Debug|Any CPU.ActiveCfg = Debug|Any CPU
		{56533975-a046-ff08-dfa6-5948ac2d7ec3}.Debug|Any CPU.Build.0 = Debug|Any CPU
		{30aabc40-d4b8-fde3-7d9a-e545c88ea287}.Debug|Any CPU.ActiveCfg = Debug|Any CPU
		{30aabc40-d4b8-fde3-7d9a-e545c88ea287}.Debug|Any CPU.Build.0 = Debug|Any CPU
	EndGlobalSection
	GlobalSection(SolutionProperties) = preSolution
		HideSolutionNode = FALSE
	EndGlobalSection
EndGlobal
